
Microsoft Visual Studio Solution File, Format Version 12.00
# Visual Studio Version 17
VisualStudioVersion = 17.2.32616.157
MinimumVisualStudioVersion = 10.0.40219.1
Project("{FAE04EC0-301F-11D3-BF4B-00C04F79EFBC}") = "Kullanıcılar İçin mesajlaşma sistemi", "Kullanıcılar İçin mesajlaşma sistemi\Kullanıcılar İçin mesajlaşma sistemi.csproj", "{01953595-B061-4DC3-9FEC-0293F7A3DAAD}"
EndProject
Global
	GlobalSection(SolutionConfigurationPlatforms) = preSolution
		Debug|Any CPU = Debug|Any CPU
		Release|Any CPU = Release|Any CPU
	EndGlobalSection
	GlobalSection(ProjectConfigurationPlatforms) = postSolution
		{01953595-B061-4DC3-9FEC-0293F7A3DAAD}.Debug|Any CPU.ActiveCfg = Debug|Any CPU
		{01953595-B061-4DC3-9FEC-0293F7A3DAAD}.Debug|Any CPU.Build.0 = Debug|Any CPU
		{01953595-B061-4DC3-9FEC-0293F7A3DAAD}.Release|Any CPU.ActiveCfg = Release|Any CPU
		{01953595-B061-4DC3-9FEC-0293F7A3DAAD}.Release|Any CPU.Build.0 = Release|Any CPU
	EndGlobalSection
	GlobalSection(SolutionProperties) = preSolution
		HideSolutionNode = FALSE
	EndGlobalSection
	GlobalSection(ExtensibilityGlobals) = postSolution
		SolutionGuid = {CEE37491-3B78-437C-9627-6FF028830B78}
	EndGlobalSection
EndGlobal
